
Microsoft Visual Studio Solution File, Format Version 12.00
# Visual Studio Version 17
VisualStudioVersion = 17.2.32516.85
MinimumVisualStudioVersion = 10.0.40219.1
Project("{9A19103F-16F7-4668-BE54-9A1E7A4F7556}") = "Listas-Simples", "Listas-Simples\Listas-Simples.csproj", "{8EB6C568-0536-4319-B32B-B6491A2B8139}"
EndProject
Project("{9A19103F-16F7-4668-BE54-9A1E7A4F7556}") = "Listas-doble-enlazadas", "Listas-doble-enlazadas\Listas-doble-enlazadas.csproj", "{6B004E13-ED86-4DC0-9F57-C3BAEFA6BD8C}"
EndProject
Project("{9A19103F-16F7-4668-BE54-9A1E7A4F7556}") = "Pilas", "Pilas\Pilas.csproj", "{3812CA09-73F1-4B16-AB36-8DCEE4782DBA}"
EndProject
Project("{FAE04EC0-301F-11D3-BF4B-00C04F79EFBC}") = "Pila", "Pila\Pila.csproj", "{176F3109-A41D-4418-AD6E-BE075D645AF0}"
EndProject
Project("{FAE04EC0-301F-11D3-BF4B-00C04F79EFBC}") = "Cola", "Cola\Cola.csproj", "{A7302E19-2091-42C6-BAC1-C46E3ACDB870}"
EndProject
Project("{FAE04EC0-301F-11D3-BF4B-00C04F79EFBC}") = "pila-sin-libreria", "pila-sin-libreria\pila-sin-libreria.csproj", "{57FC0055-6319-4A69-AFAF-4277E66D3565}"
EndProject
Global
	GlobalSection(SolutionConfigurationPlatforms) = preSolution
		Debug|Any CPU = Debug|Any CPU
		Release|Any CPU = Release|Any CPU
	EndGlobalSection
	GlobalSection(ProjectConfigurationPlatforms) = postSolution
		{8EB6C568-0536-4319-B32B-B6491A2B8139}.Debug|Any CPU.ActiveCfg = Debug|Any CPU
		{8EB6C568-0536-4319-B32B-B6491A2B8139}.Debug|Any CPU.Build.0 = Debug|Any CPU
		{8EB6C568-0536-4319-B32B-B6491A2B8139}.Release|Any CPU.ActiveCfg = Release|Any CPU
		{8EB6C568-0536-4319-B32B-B6491A2B8139}.Release|Any CPU.Build.0 = Release|Any CPU
		{6B004E13-ED86-4DC0-9F57-C3BAEFA6BD8C}.Debug|Any CPU.ActiveCfg = Debug|Any CPU
		{6B004E13-ED86-4DC0-9F57-C3BAEFA6BD8C}.Debug|Any CPU.Build.0 = Debug|Any CPU
		{6B004E13-ED86-4DC0-9F57-C3BAEFA6BD8C}.Release|Any CPU.ActiveCfg = Release|Any CPU
		{6B004E13-ED86-4DC0-9F57-C3BAEFA6BD8C}.Release|Any CPU.Build.0 = Release|Any CPU
		{3812CA09-73F1-4B16-AB36-8DCEE4782DBA}.Debug|Any CPU.ActiveCfg = Debug|Any CPU
		{3812CA09-73F1-4B16-AB36-8DCEE4782DBA}.Debug|Any CPU.Build.0 = Debug|Any CPU
		{3812CA09-73F1-4B16-AB36-8DCEE4782DBA}.Release|Any CPU.ActiveCfg = Release|Any CPU
		{3812CA09-73F1-4B16-AB36-8DCEE4782DBA}.Release|Any CPU.Build.0 = Release|Any CPU
		{176F3109-A41D-4418-AD6E-BE075D645AF0}.Debug|Any CPU.ActiveCfg = Debug|Any CPU
		{176F3109-A41D-4418-AD6E-BE075D645AF0}.Debug|Any CPU.Build.0 = Debug|Any CPU
		{176F3109-A41D-4418-AD6E-BE075D645AF0}.Release|Any CPU.ActiveCfg = Release|Any CPU
		{176F3109-A41D-4418-AD6E-BE075D645AF0}.Release|Any CPU.Build.0 = Release|Any CPU
		{A7302E19-2091-42C6-BAC1-C46E3ACDB870}.Debug|Any CPU.ActiveCfg = Debug|Any CPU
		{A7302E19-2091-42C6-BAC1-C46E3ACDB870}.Debug|Any CPU.Build.0 = Debug|Any CPU
		{A7302E19-2091-42C6-BAC1-C46E3ACDB870}.Release|Any CPU.ActiveCfg = Release|Any CPU
		{A7302E19-2091-42C6-BAC1-C46E3ACDB870}.Release|Any CPU.Build.0 = Release|Any CPU
		{57FC0055-6319-4A69-AFAF-4277E66D3565}.Debug|Any CPU.ActiveCfg = Debug|Any CPU
		{57FC0055-6319-4A69-AFAF-4277E66D3565}.Debug|Any CPU.Build.0 = Debug|Any CPU
		{57FC0055-6319-4A69-AFAF-4277E66D3565}.Release|Any CPU.ActiveCfg = Release|Any CPU
		{57FC0055-6319-4A69-AFAF-4277E66D3565}.Release|Any CPU.Build.0 = Release|Any CPU
	EndGlobalSection
	GlobalSection(SolutionProperties) = preSolution
		HideSolutionNode = FALSE
	EndGlobalSection
	GlobalSection(ExtensibilityGlobals) = postSolution
		SolutionGuid = {13457CF6-FEC0-4ED6-A659-D6AE7F1AA057}
	EndGlobalSection
EndGlobal
